# This file is automatically @generated by Cargo.
# It is not intended for manual editing.
version = 4

[[package]]
name = "beamfs-xfstests"
version = "2.3.53"
dependencies = [
 "liveblock",
]

[[package]]
name = "liveblock"
version = "0.1.0"
source = "registry+https://github.com/rust-lang/crates.io-index"
checksum = "32f8f92618f9631a01afa6cd758ce9983d7789c374540942f8874984f8c615ef"
